
Microsoft Visual Studio Solution File, Format Version 12.00
# Visual Studio 15
VisualStudioVersion = 15.0.27703.2026
MinimumVisualStudioVersion = 10.0.40219.1
Project("{FAE04EC0-301F-11D3-BF4B-00C04F79EFBC}") = "CodingChallenges", "CodingChallenges\CodingChallenges.csproj", "{8262A9BF-9C3C-4A43-BF6D-5C9CAAB6E531}"
EndProject
Global
	GlobalSection(SolutionConfigurationPlatforms) = preSolution
		Debug|Any CPU = Debug|Any CPU
		Release|Any CPU = Release|Any CPU
	EndGlobalSection
	GlobalSection(ProjectConfigurationPlatforms) = postSolution
		{8262A9BF-9C3C-4A43-BF6D-5C9CAAB6E531}.Debug|Any CPU.ActiveCfg = Debug|Any CPU
		{8262A9BF-9C3C-4A43-BF6D-5C9CAAB6E531}.Debug|Any CPU.Build.0 = Debug|Any CPU
		{8262A9BF-9C3C-4A43-BF6D-5C9CAAB6E531}.Release|Any CPU.ActiveCfg = Release|Any CPU
		{8262A9BF-9C3C-4A43-BF6D-5C9CAAB6E531}.Release|Any CPU.Build.0 = Release|Any CPU
	EndGlobalSection
	GlobalSection(SolutionProperties) = preSolution
		HideSolutionNode = FALSE
	EndGlobalSection
	GlobalSection(ExtensibilityGlobals) = postSolution
		SolutionGuid = {6E4F7559-6ABF-4215-AE35-6DB7EA1E3882}
	EndGlobalSection
EndGlobal
