
Microsoft Visual Studio Solution File, Format Version 12.00
# Visual Studio 15
VisualStudioVersion = 15.0.27703.2026
MinimumVisualStudioVersion = 10.0.40219.1
Project("{9A19103F-16F7-4668-BE54-9A1E7A4F7556}") = "CodingChallenges", "CodingChallenges\CodingChallenges.csproj", "{8262A9BF-9C3C-4A43-BF6D-5C9CAAB6E531}"
EndProject
Project("{9A19103F-16F7-4668-BE54-9A1E7A4F7556}") = "CodingChallenges.DataAcess", "CodingChallenges.DataAcess\CodingChallenges.DataAcess.csproj", "{AE1532B0-B1D0-414E-8A53-FEA0676F77A5}"
EndProject
Project("{9A19103F-16F7-4668-BE54-9A1E7A4F7556}") = "CodingChallenges.Models", "CodingChallenges.Models\CodingChallenges.Models.csproj", "{5882B7E0-F43A-462C-B344-BD291C94F988}"
EndProject
Project("{9A19103F-16F7-4668-BE54-9A1E7A4F7556}") = "CodingChallenges.Domains", "CodingChallenges.Domains\CodingChallenges.Domains.csproj", "{7070E7C3-51D9-41DE-BB99-65A15B5C7092}"
EndProject
Project("{9A19103F-16F7-4668-BE54-9A1E7A4F7556}") = "CodingChallenges.Services", "CodingChallenges.Services\CodingChallenges.Services.csproj", "{3B998065-E792-4FAD-BB0B-B8C840B508C9}"
EndProject
Project("{9A19103F-16F7-4668-BE54-9A1E7A4F7556}") = "CoddingChallenges.Common", "CoddingChallenges.Common\CoddingChallenges.Common.csproj", "{3E1810B0-1A32-4610-927C-A3501B3C4FD0}"
EndProject
Project("{E53339B2-1760-4266-BCC7-CA923CBCF16C}") = "docker-compose", "docker-compose.dcproj", "{1A65F98A-2115-4F43-A5F7-4A21BC04CCBE}"
EndProject
Global
	GlobalSection(SolutionConfigurationPlatforms) = preSolution
		Debug|Any CPU = Debug|Any CPU
		Release|Any CPU = Release|Any CPU
	EndGlobalSection
	GlobalSection(ProjectConfigurationPlatforms) = postSolution
		{8262A9BF-9C3C-4A43-BF6D-5C9CAAB6E531}.Debug|Any CPU.ActiveCfg = Debug|Any CPU
		{8262A9BF-9C3C-4A43-BF6D-5C9CAAB6E531}.Debug|Any CPU.Build.0 = Debug|Any CPU
		{8262A9BF-9C3C-4A43-BF6D-5C9CAAB6E531}.Release|Any CPU.ActiveCfg = Release|Any CPU
		{8262A9BF-9C3C-4A43-BF6D-5C9CAAB6E531}.Release|Any CPU.Build.0 = Release|Any CPU
		{AE1532B0-B1D0-414E-8A53-FEA0676F77A5}.Debug|Any CPU.ActiveCfg = Debug|Any CPU
		{AE1532B0-B1D0-414E-8A53-FEA0676F77A5}.Debug|Any CPU.Build.0 = Debug|Any CPU
		{AE1532B0-B1D0-414E-8A53-FEA0676F77A5}.Release|Any CPU.ActiveCfg = Release|Any CPU
		{AE1532B0-B1D0-414E-8A53-FEA0676F77A5}.Release|Any CPU.Build.0 = Release|Any CPU
		{5882B7E0-F43A-462C-B344-BD291C94F988}.Debug|Any CPU.ActiveCfg = Debug|Any CPU
		{5882B7E0-F43A-462C-B344-BD291C94F988}.Debug|Any CPU.Build.0 = Debug|Any CPU
		{5882B7E0-F43A-462C-B344-BD291C94F988}.Release|Any CPU.ActiveCfg = Release|Any CPU
		{5882B7E0-F43A-462C-B344-BD291C94F988}.Release|Any CPU.Build.0 = Release|Any CPU
		{7070E7C3-51D9-41DE-BB99-65A15B5C7092}.Debug|Any CPU.ActiveCfg = Debug|Any CPU
		{7070E7C3-51D9-41DE-BB99-65A15B5C7092}.Debug|Any CPU.Build.0 = Debug|Any CPU
		{7070E7C3-51D9-41DE-BB99-65A15B5C7092}.Release|Any CPU.ActiveCfg = Release|Any CPU
		{7070E7C3-51D9-41DE-BB99-65A15B5C7092}.Release|Any CPU.Build.0 = Release|Any CPU
		{3B998065-E792-4FAD-BB0B-B8C840B508C9}.Debug|Any CPU.ActiveCfg = Debug|Any CPU
		{3B998065-E792-4FAD-BB0B-B8C840B508C9}.Debug|Any CPU.Build.0 = Debug|Any CPU
		{3B998065-E792-4FAD-BB0B-B8C840B508C9}.Release|Any CPU.ActiveCfg = Release|Any CPU
		{3B998065-E792-4FAD-BB0B-B8C840B508C9}.Release|Any CPU.Build.0 = Release|Any CPU
		{3E1810B0-1A32-4610-927C-A3501B3C4FD0}.Debug|Any CPU.ActiveCfg = Debug|Any CPU
		{3E1810B0-1A32-4610-927C-A3501B3C4FD0}.Debug|Any CPU.Build.0 = Debug|Any CPU
		{3E1810B0-1A32-4610-927C-A3501B3C4FD0}.Release|Any CPU.ActiveCfg = Release|Any CPU
		{3E1810B0-1A32-4610-927C-A3501B3C4FD0}.Release|Any CPU.Build.0 = Release|Any CPU
		{1A65F98A-2115-4F43-A5F7-4A21BC04CCBE}.Debug|Any CPU.ActiveCfg = Debug|Any CPU
		{1A65F98A-2115-4F43-A5F7-4A21BC04CCBE}.Debug|Any CPU.Build.0 = Debug|Any CPU
		{1A65F98A-2115-4F43-A5F7-4A21BC04CCBE}.Release|Any CPU.ActiveCfg = Release|Any CPU
		{1A65F98A-2115-4F43-A5F7-4A21BC04CCBE}.Release|Any CPU.Build.0 = Release|Any CPU
	EndGlobalSection
	GlobalSection(SolutionProperties) = preSolution
		HideSolutionNode = FALSE
	EndGlobalSection
	GlobalSection(ExtensibilityGlobals) = postSolution
		SolutionGuid = {6E4F7559-6ABF-4215-AE35-6DB7EA1E3882}
	EndGlobalSection
EndGlobal
